PODS:
  - CocoaAsyncSocket (7.6.5)
  - CocoaMQTT5 (1.0.2):
    - CocoaMQTT5/Core (= 1.0.2)
  - CocoaMQTT5/Core (1.0.2):
    - CocoaAsyncSocket (~> 7.6.3)

DEPENDENCIES:
  - CocoaMQTT5 (from `../`)

SPEC REPOS:
  trunk:
    - CocoaAsyncSocket

EXTERNAL SOURCES:
  CocoaMQTT5:
    :path: "../"

SPEC CHECKSUMS:
  CocoaAsyncSocket: 065fd1e645c7abab64f7a6a2007a48038fdc6a99
  CocoaMQTT5: d4b2e47b78c43027cdde01a3de0f28fad1f8d621

PODFILE CHECKSUM: 7643eb4adad7a7a32f4b35e9d249e35b32e2b4fa

COCOAPODS: 1.11.2
